
Microsoft Visual Studio Solution File, Format Version 12.00
Project("{FAE04EC0-301F-11D3-BF4B-00C04F79EFBC}") = "Notes.Domain", "Notes.Domain\Notes.Domain.csproj", "{3F9014F9-0124-497D-9002-C69C401097FC}"
EndProject
Project("{2150E333-8FDC-42A3-9474-1A3956D46DE8}") = "Core", "Core", "{7B6D93EA-5E64-46F4-B66F-A16C708D8604}"
	ProjectSection(SolutionItems) = preProject
		README.md = README.md
	EndProjectSection
EndProject
Project("{2150E333-8FDC-42A3-9474-1A3956D46DE8}") = "Infrastructure", "Infrastructure", "{63456424-9A2A-4328-8323-5C7AB31C3ED6}"
EndProject
Project("{2150E333-8FDC-42A3-9474-1A3956D46DE8}") = "Presentation", "Presentation", "{5CC68C5B-C2BF-4414-A623-0F754D9FF1E5}"
EndProject
Project("{2150E333-8FDC-42A3-9474-1A3956D46DE8}") = "Tests", "Tests", "{6102FCDB-7F40-4120-A87F-BA5A4398D0E1}"
EndProject
Project("{FAE04EC0-301F-11D3-BF4B-00C04F79EFBC}") = "Notes.Application", "Notes.Application\Notes.Application.csproj", "{A0E0073D-EA50-4E2C-A282-C5BD9D845046}"
EndProject
Project("{FAE04EC0-301F-11D3-BF4B-00C04F79EFBC}") = "Notes.WebAPI", "Notes.WebAPI\Notes.WebAPI.csproj", "{711BC9E5-FA7A-4930-B718-F047E6C40DCA}"
EndProject
Project("{FAE04EC0-301F-11D3-BF4B-00C04F79EFBC}") = "Notes.Persistence", "Notes.Persistence\Notes.Persistence.csproj", "{BB69A3C8-FDF1-436D-ABB8-71A709F408DB}"
EndProject
Project("{2150E333-8FDC-42A3-9474-1A3956D46DE8}") = "Notes.Identity", "Notes.Identity", "{17389E18-B308-4EFC-B5AE-A0AAEB3E0913}"
EndProject
Project("{FAE04EC0-301F-11D3-BF4B-00C04F79EFBC}") = "Notes.Identity", "Notes.Identity\Notes.Identity.csproj", "{74BD8D0A-9962-47C0-9E9A-304E5E5690EB}"
EndProject
Project("{FAE04EC0-301F-11D3-BF4B-00C04F79EFBC}") = "Notes.Tests", "Notes.Tests\Notes.Tests.csproj", "{3E328375-2156-4224-B72E-85FFA4067F04}"
EndProject
Global
	GlobalSection(SolutionConfigurationPlatforms) = preSolution
		Debug|Any CPU = Debug|Any CPU
		Release|Any CPU = Release|Any CPU
	EndGlobalSection
	GlobalSection(ProjectConfigurationPlatforms) = postSolution
		{3F9014F9-0124-497D-9002-C69C401097FC}.Debug|Any CPU.ActiveCfg = Debug|Any CPU
		{3F9014F9-0124-497D-9002-C69C401097FC}.Debug|Any CPU.Build.0 = Debug|Any CPU
		{3F9014F9-0124-497D-9002-C69C401097FC}.Release|Any CPU.ActiveCfg = Release|Any CPU
		{3F9014F9-0124-497D-9002-C69C401097FC}.Release|Any CPU.Build.0 = Release|Any CPU
		{A0E0073D-EA50-4E2C-A282-C5BD9D845046}.Debug|Any CPU.ActiveCfg = Debug|Any CPU
		{A0E0073D-EA50-4E2C-A282-C5BD9D845046}.Debug|Any CPU.Build.0 = Debug|Any CPU
		{A0E0073D-EA50-4E2C-A282-C5BD9D845046}.Release|Any CPU.ActiveCfg = Release|Any CPU
		{A0E0073D-EA50-4E2C-A282-C5BD9D845046}.Release|Any CPU.Build.0 = Release|Any CPU
		{711BC9E5-FA7A-4930-B718-F047E6C40DCA}.Debug|Any CPU.ActiveCfg = Debug|Any CPU
		{711BC9E5-FA7A-4930-B718-F047E6C40DCA}.Debug|Any CPU.Build.0 = Debug|Any CPU
		{711BC9E5-FA7A-4930-B718-F047E6C40DCA}.Release|Any CPU.ActiveCfg = Release|Any CPU
		{711BC9E5-FA7A-4930-B718-F047E6C40DCA}.Release|Any CPU.Build.0 = Release|Any CPU
		{BB69A3C8-FDF1-436D-ABB8-71A709F408DB}.Debug|Any CPU.ActiveCfg = Debug|Any CPU
		{BB69A3C8-FDF1-436D-ABB8-71A709F408DB}.Debug|Any CPU.Build.0 = Debug|Any CPU
		{BB69A3C8-FDF1-436D-ABB8-71A709F408DB}.Release|Any CPU.ActiveCfg = Release|Any CPU
		{BB69A3C8-FDF1-436D-ABB8-71A709F408DB}.Release|Any CPU.Build.0 = Release|Any CPU
		{74BD8D0A-9962-47C0-9E9A-304E5E5690EB}.Debug|Any CPU.ActiveCfg = Debug|Any CPU
		{74BD8D0A-9962-47C0-9E9A-304E5E5690EB}.Debug|Any CPU.Build.0 = Debug|Any CPU
		{74BD8D0A-9962-47C0-9E9A-304E5E5690EB}.Release|Any CPU.ActiveCfg = Release|Any CPU
		{74BD8D0A-9962-47C0-9E9A-304E5E5690EB}.Release|Any CPU.Build.0 = Release|Any CPU
		{3E328375-2156-4224-B72E-85FFA4067F04}.Debug|Any CPU.ActiveCfg = Debug|Any CPU
		{3E328375-2156-4224-B72E-85FFA4067F04}.Debug|Any CPU.Build.0 = Debug|Any CPU
		{3E328375-2156-4224-B72E-85FFA4067F04}.Release|Any CPU.ActiveCfg = Release|Any CPU
		{3E328375-2156-4224-B72E-85FFA4067F04}.Release|Any CPU.Build.0 = Release|Any CPU
	EndGlobalSection
	GlobalSection(NestedProjects) = preSolution
		{3F9014F9-0124-497D-9002-C69C401097FC} = {7B6D93EA-5E64-46F4-B66F-A16C708D8604}
		{A0E0073D-EA50-4E2C-A282-C5BD9D845046} = {7B6D93EA-5E64-46F4-B66F-A16C708D8604}
		{711BC9E5-FA7A-4930-B718-F047E6C40DCA} = {5CC68C5B-C2BF-4414-A623-0F754D9FF1E5}
		{BB69A3C8-FDF1-436D-ABB8-71A709F408DB} = {63456424-9A2A-4328-8323-5C7AB31C3ED6}
		{74BD8D0A-9962-47C0-9E9A-304E5E5690EB} = {17389E18-B308-4EFC-B5AE-A0AAEB3E0913}
		{3E328375-2156-4224-B72E-85FFA4067F04} = {6102FCDB-7F40-4120-A87F-BA5A4398D0E1}
	EndGlobalSection
EndGlobal
